
Microsoft Visual Studio Solution File, Format Version 12.00
# Visual Studio Version 16
VisualStudioVersion = 16.0.33920.266
MinimumVisualStudioVersion = 10.0.40219.1
Project("{9A19103F-16F7-4668-BE54-9A1E7A4F7556}") = "OnlineEdu.API", "OnlineEdu.API\OnlineEdu.API.csproj", "{21710BEE-59C6-4540-ABAE-1071F6B1BD0F}"
EndProject
Project("{9A19103F-16F7-4668-BE54-9A1E7A4F7556}") = "OnlineEdu.DataAccess", "OnlineEdu.DataAccess\OnlineEdu.DataAccess.csproj", "{9FFE4749-C081-4B3C-84C2-2497930AB2E2}"
EndProject
Project("{9A19103F-16F7-4668-BE54-9A1E7A4F7556}") = "OnlineEdu.Business", "OnlineEdu.Business\OnlineEdu.Business.csproj", "{541BE78C-09B3-4533-A08F-25CA15994B9F}"
EndProject
Project("{9A19103F-16F7-4668-BE54-9A1E7A4F7556}") = "OnlineEdu.DTO", "OnlineEdu.DTO\OnlineEdu.DTO.csproj", "{249DEF90-F0C5-4571-BFDF-0CAC2180DD29}"
EndProject
Project("{9A19103F-16F7-4668-BE54-9A1E7A4F7556}") = "OnlineEdu.WebUI", "OnlineEdu.WebUI\OnlineEdu.WebUI.csproj", "{7AEF330C-A450-4B66-9379-243DBD98D0A4}"
EndProject
Project("{FAE04EC0-301F-11D3-BF4B-00C04F79EFBC}") = "OnlineEdu.Entity", "OnlineEdu.Entity\OnlineEdu.Entity.csproj", "{BFAB936A-8C08-44C6-ACB9-38B13CF241B4}"
EndProject
Global
	GlobalSection(SolutionConfigurationPlatforms) = preSolution
		Debug|Any CPU = Debug|Any CPU
		Release|Any CPU = Release|Any CPU
	EndGlobalSection
	GlobalSection(ProjectConfigurationPlatforms) = postSolution
		{21710BEE-59C6-4540-ABAE-1071F6B1BD0F}.Debug|Any CPU.ActiveCfg = Debug|Any CPU
		{21710BEE-59C6-4540-ABAE-1071F6B1BD0F}.Debug|Any CPU.Build.0 = Debug|Any CPU
		{21710BEE-59C6-4540-ABAE-1071F6B1BD0F}.Release|Any CPU.ActiveCfg = Release|Any CPU
		{21710BEE-59C6-4540-ABAE-1071F6B1BD0F}.Release|Any CPU.Build.0 = Release|Any CPU
		{9FFE4749-C081-4B3C-84C2-2497930AB2E2}.Debug|Any CPU.ActiveCfg = Debug|Any CPU
		{9FFE4749-C081-4B3C-84C2-2497930AB2E2}.Debug|Any CPU.Build.0 = Debug|Any CPU
		{9FFE4749-C081-4B3C-84C2-2497930AB2E2}.Release|Any CPU.ActiveCfg = Release|Any CPU
		{9FFE4749-C081-4B3C-84C2-2497930AB2E2}.Release|Any CPU.Build.0 = Release|Any CPU
		{541BE78C-09B3-4533-A08F-25CA15994B9F}.Debug|Any CPU.ActiveCfg = Debug|Any CPU
		{541BE78C-09B3-4533-A08F-25CA15994B9F}.Debug|Any CPU.Build.0 = Debug|Any CPU
		{541BE78C-09B3-4533-A08F-25CA15994B9F}.Release|Any CPU.ActiveCfg = Release|Any CPU
		{541BE78C-09B3-4533-A08F-25CA15994B9F}.Release|Any CPU.Build.0 = Release|Any CPU
		{249DEF90-F0C5-4571-BFDF-0CAC2180DD29}.Debug|Any CPU.ActiveCfg = Debug|Any CPU
		{249DEF90-F0C5-4571-BFDF-0CAC2180DD29}.Debug|Any CPU.Build.0 = Debug|Any CPU
		{249DEF90-F0C5-4571-BFDF-0CAC2180DD29}.Release|Any CPU.ActiveCfg = Release|Any CPU
		{249DEF90-F0C5-4571-BFDF-0CAC2180DD29}.Release|Any CPU.Build.0 = Release|Any CPU
		{7AEF330C-A450-4B66-9379-243DBD98D0A4}.Debug|Any CPU.ActiveCfg = Debug|Any CPU
		{7AEF330C-A450-4B66-9379-243DBD98D0A4}.Debug|Any CPU.Build.0 = Debug|Any CPU
		{7AEF330C-A450-4B66-9379-243DBD98D0A4}.Release|Any CPU.ActiveCfg = Release|Any CPU
		{7AEF330C-A450-4B66-9379-243DBD98D0A4}.Release|Any CPU.Build.0 = Release|Any CPU
		{BFAB936A-8C08-44C6-ACB9-38B13CF241B4}.Debug|Any CPU.ActiveCfg = Debug|Any CPU
		{BFAB936A-8C08-44C6-ACB9-38B13CF241B4}.Debug|Any CPU.Build.0 = Debug|Any CPU
		{BFAB936A-8C08-44C6-ACB9-38B13CF241B4}.Release|Any CPU.ActiveCfg = Release|Any CPU
		{BFAB936A-8C08-44C6-ACB9-38B13CF241B4}.Release|Any CPU.Build.0 = Release|Any CPU
	EndGlobalSection
	GlobalSection(SolutionProperties) = preSolution
		HideSolutionNode = FALSE
	EndGlobalSection
	GlobalSection(ExtensibilityGlobals) = postSolution
		SolutionGuid = {708CDB51-739F-4450-A633-19066473DF90}
	EndGlobalSection
EndGlobal
